
Microsoft Visual Studio Solution File, Format Version 12.00
# Visual Studio Version 16
VisualStudioVersion = 16.0.32002.261
MinimumVisualStudioVersion = 10.0.40219.1
Project("{FAE04EC0-301F-11D3-BF4B-00C04F79EFBC}") = "PersonelMVC", "PersonelMVC\PersonelMVC.csproj", "{6BC35F64-7F20-40C8-8397-F39FDE5B1515}"
EndProject
Global
	GlobalSection(SolutionConfigurationPlatforms) = preSolution
		Debug|Any CPU = Debug|Any CPU
		Release|Any CPU = Release|Any CPU
	EndGlobalSection
	GlobalSection(ProjectConfigurationPlatforms) = postSolution
		{6BC35F64-7F20-40C8-8397-F39FDE5B1515}.Debug|Any CPU.ActiveCfg = Debug|Any CPU
		{6BC35F64-7F20-40C8-8397-F39FDE5B1515}.Debug|Any CPU.Build.0 = Debug|Any CPU
		{6BC35F64-7F20-40C8-8397-F39FDE5B1515}.Release|Any CPU.ActiveCfg = Release|Any CPU
		{6BC35F64-7F20-40C8-8397-F39FDE5B1515}.Release|Any CPU.Build.0 = Release|Any CPU
	EndGlobalSection
	GlobalSection(SolutionProperties) = preSolution
		HideSolutionNode = FALSE
	EndGlobalSection
	GlobalSection(ExtensibilityGlobals) = postSolution
		SolutionGuid = {A90D0EBD-1545-4D63-B5B8-94E4982B9CA9}
	EndGlobalSection
EndGlobal
